
Microsoft Visual Studio Solution File, Format Version 12.00
# Visual Studio 2012
Project("{FAE04EC0-301F-11D3-BF4B-00C04F79EFBC}") = "VariableConsoleWriter", "VariableConsoleWriter\VariableConsoleWriter.csproj", "{B8779D5A-E5D9-4E34-B7E8-C35F8FF314BD}"
EndProject
Global
	GlobalSection(SolutionConfigurationPlatforms) = preSolution
		Debug|Any CPU = Debug|Any CPU
		Release|Any CPU = Release|Any CPU
	EndGlobalSection
	GlobalSection(ProjectConfigurationPlatforms) = postSolution
		{B8779D5A-E5D9-4E34-B7E8-C35F8FF314BD}.Debug|Any CPU.ActiveCfg = Debug|Any CPU
		{B8779D5A-E5D9-4E34-B7E8-C35F8FF314BD}.Debug|Any CPU.Build.0 = Debug|Any CPU
		{B8779D5A-E5D9-4E34-B7E8-C35F8FF314BD}.Release|Any CPU.ActiveCfg = Release|Any CPU
		{B8779D5A-E5D9-4E34-B7E8-C35F8FF314BD}.Release|Any CPU.Build.0 = Release|Any CPU
	EndGlobalSection
EndGlobal
